
Microsoft Visual Studio Solution File, Format Version 12.00
# Visual Studio 15
VisualStudioVersion = 15.0.28307.572
MinimumVisualStudioVersion = 10.0.40219.1
Project("{FAE04EC0-301F-11D3-BF4B-00C04F79EFBC}") = "5beam", "5beam\5beam.csproj", "{87A55580-C073-4C0E-A274-0378C8E05466}"
EndProject
Global
	GlobalSection(SolutionConfigurationPlatforms) = preSolution
		Debug|Any CPU = Debug|Any CPU
		Release|Any CPU = Release|Any CPU
	EndGlobalSection
	GlobalSection(ProjectConfigurationPlatforms) = postSolution
		{87A55580-C073-4C0E-A274-0378C8E05466}.Debug|Any CPU.ActiveCfg = Debug|Any CPU
		{87A55580-C073-4C0E-A274-0378C8E05466}.Debug|Any CPU.Build.0 = Debug|Any CPU
		{87A55580-C073-4C0E-A274-0378C8E05466}.Release|Any CPU.ActiveCfg = Release|Any CPU
		{87A55580-C073-4C0E-A274-0378C8E05466}.Release|Any CPU.Build.0 = Release|Any CPU
	EndGlobalSection
	GlobalSection(SolutionProperties) = preSolution
		HideSolutionNode = FALSE
	EndGlobalSection
	GlobalSection(ExtensibilityGlobals) = postSolution
		SolutionGuid = {9DADEC95-6D78-46CA-9FD1-50F0A6357ECC}
	EndGlobalSection
EndGlobal
