
Microsoft Visual Studio Solution File, Format Version 12.00
# Visual Studio Version 16
VisualStudioVersion = 16.0.30621.155
MinimumVisualStudioVersion = 10.0.40219.1
Project("{FAE04EC0-301F-11D3-BF4B-00C04F79EFBC}") = "5beam-desktop", "5beam-desktop\5beam-desktop.csproj", "{87A55580-C073-4C0E-A274-0378C8E05466}"
EndProject
Project("{FAE04EC0-301F-11D3-BF4B-00C04F79EFBC}") = "5beam-upload", "5beam-upload\5beam-upload.csproj", "{80C1476D-2583-447F-920A-EE8A08517FCF}"
EndProject
Global
	GlobalSection(SolutionConfigurationPlatforms) = preSolution
		Debug|Any CPU = Debug|Any CPU
		Release|Any CPU = Release|Any CPU
	EndGlobalSection
	GlobalSection(ProjectConfigurationPlatforms) = postSolution
		{87A55580-C073-4C0E-A274-0378C8E05466}.Debug|Any CPU.ActiveCfg = Debug|Any CPU
		{87A55580-C073-4C0E-A274-0378C8E05466}.Debug|Any CPU.Build.0 = Debug|Any CPU
		{87A55580-C073-4C0E-A274-0378C8E05466}.Release|Any CPU.ActiveCfg = Release|Any CPU
		{87A55580-C073-4C0E-A274-0378C8E05466}.Release|Any CPU.Build.0 = Release|Any CPU
		{80C1476D-2583-447F-920A-EE8A08517FCF}.Debug|Any CPU.ActiveCfg = Debug|Any CPU
		{80C1476D-2583-447F-920A-EE8A08517FCF}.Debug|Any CPU.Build.0 = Debug|Any CPU
		{80C1476D-2583-447F-920A-EE8A08517FCF}.Release|Any CPU.ActiveCfg = Release|Any CPU
		{80C1476D-2583-447F-920A-EE8A08517FCF}.Release|Any CPU.Build.0 = Release|Any CPU
	EndGlobalSection
	GlobalSection(SolutionProperties) = preSolution
		HideSolutionNode = FALSE
	EndGlobalSection
	GlobalSection(ExtensibilityGlobals) = postSolution
		SolutionGuid = {9DADEC95-6D78-46CA-9FD1-50F0A6357ECC}
	EndGlobalSection
EndGlobal
